
Microsoft Visual Studio Solution File, Format Version 12.00
# Visual Studio 15
VisualStudioVersion = 15.0.28010.2050
MinimumVisualStudioVersion = 10.0.40219.1
Project("{FAE04EC0-301F-11D3-BF4B-00C04F79EFBC}") = "MaPremiereApplication", "MaPremiereApplication\MaPremiereApplication.csproj", "{FCC413F6-9B0D-41EC-A1EC-2FA964ED91B7}"
EndProject
Global
	GlobalSection(SolutionConfigurationPlatforms) = preSolution
		Debug|Any CPU = Debug|Any CPU
		Release|Any CPU = Release|Any CPU
	EndGlobalSection
	GlobalSection(ProjectConfigurationPlatforms) = postSolution
		{FCC413F6-9B0D-41EC-A1EC-2FA964ED91B7}.Debug|Any CPU.ActiveCfg = Debug|Any CPU
		{FCC413F6-9B0D-41EC-A1EC-2FA964ED91B7}.Debug|Any CPU.Build.0 = Debug|Any CPU
		{FCC413F6-9B0D-41EC-A1EC-2FA964ED91B7}.Release|Any CPU.ActiveCfg = Release|Any CPU
		{FCC413F6-9B0D-41EC-A1EC-2FA964ED91B7}.Release|Any CPU.Build.0 = Release|Any CPU
	EndGlobalSection
	GlobalSection(SolutionProperties) = preSolution
		HideSolutionNode = FALSE
	EndGlobalSection
	GlobalSection(ExtensibilityGlobals) = postSolution
		SolutionGuid = {1113ACE7-46B3-4AFC-A8EF-F0F0DA6FB2CE}
	EndGlobalSection
EndGlobal
